<?xml version="1.0" encoding="utf-8"?>
<Project ToolsVersion="4.0" xmlns="http://schemas.microsoft.com/developer/msbuild/2003">
  <ItemGroup>
    <ClCompile Include="..\..\Src\DeathZone.cpp" />
    <ClCompile Include="..\..\Src\Block.cpp" />
    <ClCompile Include="..\..\Src\Dodge.cpp" />
    <ClCompile Include="..\..\Src\Obstacle.cpp" />
    <ClCompile Include="..\..\Src\DynamicCamera.cpp" />
    <ClCompile Include="..\..\Src\FightConfiguration.cpp" />
    <ClCompile Include="..\..\Src\FightManager.cpp" />
    <ClCompile Include="..\..\Src\GameManager.cpp" />
    <ClCompile Include="..\..\Src\OptionsConfiguration.cpp" />
    <ClCompile Include="..\..\Src\PathRecorder.cpp" />
    <ClCompile Include="..\..\Src\PauseMenu.cpp" />
    <ClCompile Include="..\..\Src\PlayerIndex.cpp" />
    <ClCompile Include="..\..\Src\PlatformGraph.cpp" />
    <ClCompile Include="..\..\Src\PlatformNode.cpp" />
    <ClCompile Include="..\..\Src\PlayerUI.cpp" />
    <ClCompile Include="..\..\Src\GhostManager.cpp" />
    <ClCompile Include="..\..\Src\Grab.cpp" />
    <ClCompile Include="..\..\Src\Health.cpp" />
    <ClCompile Include="..\..\Src\Attack.cpp" />
    <ClCompile Include="..\..\Src\GhostMovement.cpp" />
    <ClCompile Include="..\..\Src\main.cpp" />
    <ClCompile Include="..\..\Src\Movement.cpp" />
    <ClCompile Include="..\..\Src\PlayerController.cpp" />
    <ClCompile Include="..\..\Src\Jump.cpp" />
    <ClCompile Include="..\..\Src\Respawn.cpp" />
    <ClCompile Include="..\..\Src\Score.cpp" />
    <ClCompile Include="..\..\Src\ScoreManager.cpp" />
    <ClCompile Include="..\..\Src\UltimateGhostPunch.cpp" />
    <ClCompile Include="..\..\Src\StateAction.cpp" />
    <ClCompile Include="..\..\Src\StateMachine.cpp" />
  </ItemGroup>
  <ItemGroup>
    <ClInclude Include="..\..\Src\Attack.h" />
    <ClInclude Include="..\..\Src\DeathZone.h" />
    <ClInclude Include="..\..\Src\Block.h" />
    <ClInclude Include="..\..\Src\Grab.h" />
    <ClInclude Include="..\..\Src\Dodge.h" />
    <ClInclude Include="..\..\Src\Obstacle.h" />
    <ClInclude Include="..\..\Src\DynamicCamera.h" />
    <ClInclude Include="..\..\Src\FightConfiguration.h" />
    <ClInclude Include="..\..\Src\FightManager.h" />
    <ClInclude Include="..\..\Src\GameManager.h" />
    <ClInclude Include="..\..\Src\OptionsConfiguration.h" />
    <ClInclude Include="..\..\Src\PathRecorder.h" />
    <ClInclude Include="..\..\Src\PauseMenu.h" />
    <ClInclude Include="..\..\Src\PlayerIndex.h" />
    <ClInclude Include="..\..\Src\PlatformGraph.h" />
    <ClInclude Include="..\..\Src\PlatformNode.h" />
    <ClInclude Include="..\..\Src\PlayerUI.h" />
    <ClInclude Include="..\..\Src\GhostManager.h" />
    <ClInclude Include="..\..\Src\GhostMovement.h" />
    <ClInclude Include="..\..\Src\Respawn.h" />
    <ClInclude Include="..\..\Src\Score.h" />
    <ClInclude Include="..\..\Src\ScoreManager.h" />
    <ClInclude Include="..\..\Src\UltimateGhostPunch.h" />
    <ClInclude Include="..\..\Src\Movement.h" />
    <ClInclude Include="..\..\Src\PlayerController.h" />
    <ClInclude Include="..\..\Src\Jump.h" />
    <ClInclude Include="..\..\Src\Health.h" />
    <ClInclude Include="..\..\Src\StateAction.h" />
    <ClInclude Include="..\..\Src\StateMachine.h" />
  </ItemGroup>
</Project>